
Microsoft Visual Studio Solution File, Format Version 12.00
# Visual Studio Version 17
VisualStudioVersion = 17.9.34714.143
MinimumVisualStudioVersion = 10.0.40219.1
Project("{FAE04EC0-301F-11D3-BF4B-00C04F79EFBC}") = "TheatherWebProject", "TheatherWebProject\TheatherWebProject.csproj", "{422BC08C-6F97-4ECA-998A-69A15D895649}"
EndProject
Project("{FAE04EC0-301F-11D3-BF4B-00C04F79EFBC}") = "TheatherWebProject.Infrastructure", "TheatherWebProject.Infrastructure\TheatherWebProject.Infrastructure.csproj", "{4EF82EEB-EEE0-427F-8561-1757B253BBC2}"
EndProject
Project("{FAE04EC0-301F-11D3-BF4B-00C04F79EFBC}") = "TheatherWebProject.Core", "TheatherWebProject.Core\TheatherWebProject.Core.csproj", "{BC5FB388-A6BB-485D-8336-1208F5CB685E}"
EndProject
Global
	GlobalSection(SolutionConfigurationPlatforms) = preSolution
		Debug|Any CPU = Debug|Any CPU
		Release|Any CPU = Release|Any CPU
	EndGlobalSection
	GlobalSection(ProjectConfigurationPlatforms) = postSolution
		{422BC08C-6F97-4ECA-998A-69A15D895649}.Debug|Any CPU.ActiveCfg = Debug|Any CPU
		{422BC08C-6F97-4ECA-998A-69A15D895649}.Debug|Any CPU.Build.0 = Debug|Any CPU
		{422BC08C-6F97-4ECA-998A-69A15D895649}.Release|Any CPU.ActiveCfg = Release|Any CPU
		{422BC08C-6F97-4ECA-998A-69A15D895649}.Release|Any CPU.Build.0 = Release|Any CPU
		{4EF82EEB-EEE0-427F-8561-1757B253BBC2}.Debug|Any CPU.ActiveCfg = Debug|Any CPU
		{4EF82EEB-EEE0-427F-8561-1757B253BBC2}.Debug|Any CPU.Build.0 = Debug|Any CPU
		{4EF82EEB-EEE0-427F-8561-1757B253BBC2}.Release|Any CPU.ActiveCfg = Release|Any CPU
		{4EF82EEB-EEE0-427F-8561-1757B253BBC2}.Release|Any CPU.Build.0 = Release|Any CPU
		{BC5FB388-A6BB-485D-8336-1208F5CB685E}.Debug|Any CPU.ActiveCfg = Debug|Any CPU
		{BC5FB388-A6BB-485D-8336-1208F5CB685E}.Debug|Any CPU.Build.0 = Debug|Any CPU
		{BC5FB388-A6BB-485D-8336-1208F5CB685E}.Release|Any CPU.ActiveCfg = Release|Any CPU
		{BC5FB388-A6BB-485D-8336-1208F5CB685E}.Release|Any CPU.Build.0 = Release|Any CPU
	EndGlobalSection
	GlobalSection(SolutionProperties) = preSolution
		HideSolutionNode = FALSE
	EndGlobalSection
	GlobalSection(ExtensibilityGlobals) = postSolution
		SolutionGuid = {1F78D400-7D63-4251-959A-528BD8687C19}
	EndGlobalSection
EndGlobal
